
Microsoft Visual Studio Solution File, Format Version 12.00
# Visual Studio Version 16
VisualStudioVersion = 16.0.29728.190
MinimumVisualStudioVersion = 10.0.40219.1
Project("{9A19103F-16F7-4668-BE54-9A1E7A4F7556}") = "Yacaa", "Yacaa\Yacaa.csproj", "{8D2A5AB6-B1E7-4E88-9925-3B94F9055CBF}"
EndProject
Project("{2150E333-8FDC-42A3-9474-1A3956D46DE8}") = "Dependencies", "Dependencies", "{521C246B-5330-41B7-88D9-15BEBD660B27}"
EndProject
Project("{FAE04EC0-301F-11D3-BF4B-00C04F79EFBC}") = "Stylet", "Dependencies\Stylet\Stylet.csproj", "{C3BA9559-9BC3-4769-B86C-CD9E813F4581}"
EndProject
Project("{2150E333-8FDC-42A3-9474-1A3956D46DE8}") = "Services", "Services", "{D429D8C2-DCF7-4CE2-8A7E-72EA30995055}"
EndProject
Project("{FAE04EC0-301F-11D3-BF4B-00C04F79EFBC}") = "Yacaa.Shared", "Yacaa.Shared\Yacaa.Shared.csproj", "{CD8A61BF-20C8-4899-93CF-197EE25C968B}"
EndProject
Project("{FAE04EC0-301F-11D3-BF4B-00C04F79EFBC}") = "Yacaa.Services.DataAccess", "Services\Yacaa.Services.DataAccess\Yacaa.Services.DataAccess.csproj", "{970ACB80-3614-4EDB-9A3B-77E46665A16C}"
EndProject
Project("{FAE04EC0-301F-11D3-BF4B-00C04F79EFBC}") = "Yacaa.Services.Settings", "Services\Yacaa.Services.Settings\Yacaa.Services.Settings.csproj", "{17725517-6A55-4FAE-BF6B-54CDB2EEFF11}"
EndProject
Global
	GlobalSection(SolutionConfigurationPlatforms) = preSolution
		Debug|Any CPU = Debug|Any CPU
		Release|Any CPU = Release|Any CPU
	EndGlobalSection
	GlobalSection(ProjectConfigurationPlatforms) = postSolution
		{8D2A5AB6-B1E7-4E88-9925-3B94F9055CBF}.Debug|Any CPU.ActiveCfg = Debug|Any CPU
		{8D2A5AB6-B1E7-4E88-9925-3B94F9055CBF}.Debug|Any CPU.Build.0 = Debug|Any CPU
		{8D2A5AB6-B1E7-4E88-9925-3B94F9055CBF}.Release|Any CPU.ActiveCfg = Release|Any CPU
		{8D2A5AB6-B1E7-4E88-9925-3B94F9055CBF}.Release|Any CPU.Build.0 = Release|Any CPU
		{C3BA9559-9BC3-4769-B86C-CD9E813F4581}.Debug|Any CPU.ActiveCfg = Debug|Any CPU
		{C3BA9559-9BC3-4769-B86C-CD9E813F4581}.Debug|Any CPU.Build.0 = Debug|Any CPU
		{C3BA9559-9BC3-4769-B86C-CD9E813F4581}.Release|Any CPU.ActiveCfg = Release|Any CPU
		{C3BA9559-9BC3-4769-B86C-CD9E813F4581}.Release|Any CPU.Build.0 = Release|Any CPU
		{CD8A61BF-20C8-4899-93CF-197EE25C968B}.Debug|Any CPU.ActiveCfg = Debug|Any CPU
		{CD8A61BF-20C8-4899-93CF-197EE25C968B}.Debug|Any CPU.Build.0 = Debug|Any CPU
		{CD8A61BF-20C8-4899-93CF-197EE25C968B}.Release|Any CPU.ActiveCfg = Release|Any CPU
		{CD8A61BF-20C8-4899-93CF-197EE25C968B}.Release|Any CPU.Build.0 = Release|Any CPU
		{970ACB80-3614-4EDB-9A3B-77E46665A16C}.Debug|Any CPU.ActiveCfg = Debug|Any CPU
		{970ACB80-3614-4EDB-9A3B-77E46665A16C}.Debug|Any CPU.Build.0 = Debug|Any CPU
		{970ACB80-3614-4EDB-9A3B-77E46665A16C}.Release|Any CPU.ActiveCfg = Release|Any CPU
		{970ACB80-3614-4EDB-9A3B-77E46665A16C}.Release|Any CPU.Build.0 = Release|Any CPU
		{17725517-6A55-4FAE-BF6B-54CDB2EEFF11}.Debug|Any CPU.ActiveCfg = Debug|Any CPU
		{17725517-6A55-4FAE-BF6B-54CDB2EEFF11}.Debug|Any CPU.Build.0 = Debug|Any CPU
		{17725517-6A55-4FAE-BF6B-54CDB2EEFF11}.Release|Any CPU.ActiveCfg = Release|Any CPU
		{17725517-6A55-4FAE-BF6B-54CDB2EEFF11}.Release|Any CPU.Build.0 = Release|Any CPU
	EndGlobalSection
	GlobalSection(SolutionProperties) = preSolution
		HideSolutionNode = FALSE
	EndGlobalSection
	GlobalSection(NestedProjects) = preSolution
		{C3BA9559-9BC3-4769-B86C-CD9E813F4581} = {521C246B-5330-41B7-88D9-15BEBD660B27}
		{970ACB80-3614-4EDB-9A3B-77E46665A16C} = {D429D8C2-DCF7-4CE2-8A7E-72EA30995055}
		{17725517-6A55-4FAE-BF6B-54CDB2EEFF11} = {D429D8C2-DCF7-4CE2-8A7E-72EA30995055}
	EndGlobalSection
	GlobalSection(ExtensibilityGlobals) = postSolution
		SolutionGuid = {69D00438-2195-497F-869D-FDCDFC23F703}
	EndGlobalSection
EndGlobal
